Microsoft Visual Studio Solution File, Format Version 11.00
# Visual Studio 2008

Project("{D7B9C734-C66D-CD26-7617-375D305AAC28}") = "TDGame", "Assembly-CSharp.csproj", "{9DB2F9AD-739F-3A3E-4BD4-05FBC7CCCA3A}"
EndProject
Global
	GlobalSection(SolutionConfigurationPlatforms) = preSolution
		Debug|Any CPU = Debug|Any CPU
		Release|Any CPU = Release|Any CPU
	EndGlobalSection
	GlobalSection(ProjectConfigurationPlatforms) = postSolution
		{9DB2F9AD-739F-3A3E-4BD4-05FBC7CCCA3A}.Debug|Any CPU.ActiveCfg = Debug|Any CPU
		{9DB2F9AD-739F-3A3E-4BD4-05FBC7CCCA3A}.Debug|Any CPU.Build.0 = Debug|Any CPU
		{9DB2F9AD-739F-3A3E-4BD4-05FBC7CCCA3A}.Release|Any CPU.ActiveCfg = Release|Any CPU
		{9DB2F9AD-739F-3A3E-4BD4-05FBC7CCCA3A}.Release|Any CPU.Build.0 = Release|Any CPU
	EndGlobalSection
	GlobalSection(SolutionProperties) = preSolution
		HideSolutionNode = FALSE
	EndGlobalSection
	GlobalSection(MonoDevelopProperties) = preSolution
		StartupItem = Assembly-CSharp.csproj
	EndGlobalSection
EndGlobal
